{
  "name": "Managerul_Pachetului_Node",
  "version": "1.0.0",
  "lockfileVersion": 1,
  "requires": true,
  "dependencies": {
    "hooks": {
      "version": "0.1.7",
      "resolved": "https://registry.npmjs.org/hooks/-/hooks-0.1.7.tgz",
      "integrity": "sha1-HGJPUUak+LKDRKcWdQyFfL3OrSs="
    },
    "mongoose": {
      "version": "1.4.0",
      "resolved": "https://registry.npmjs.org/mongoose/-/mongoose-1.4.0.tgz",
      "integrity": "sha1-fsHt2UIVUzuiO9WCG/yTfzX2HUc=",
      "requires": {
        "hooks": "0.1.7"
      }
    },
    "underscore": {
      "version": "1.13.1",
      "resolved": "https://registry.npmjs.org/underscore/-/underscore-1.13.1.tgz",
      "integrity": "sha512-hzSoAVtJF+3ZtiFX0VgfFPHEDRm7Y/QPjGyNo4TVdnDTdft3tr8hEkD25a1jC+TjTuE7tkHGKkhwCgs9dgBB2g=="
    }
  }
}
